// !$*UTF8*$!
{
	archiveVersion = 1;
	classes = {
	};
	objectVersion = 50;
	objects = {

/* Begin PBXBuildFile section */
		8417D748249827D100928B8B /* AppDelegate.swift in Sources */ = {isa = PBXBuildFile; fileRef = 8417D747249827D100928B8B /* AppDelegate.swift */; };
		8417D74E249827D100928B8B /* GameScene.swift in Sources */ = {isa = PBXBuildFile; fileRef = 8417D74D249827D100928B8B /* GameScene.swift */; };
		8417D750249827D100928B8B /* GameViewController.swift in Sources */ = {isa = PBXBuildFile; fileRef = 8417D74F249827D100928B8B /* GameViewController.swift */; };
		8417D753249827D100928B8B /* Main.storyboard in Resources */ = {isa = PBXBuildFile; fileRef = 8417D751249827D100928B8B /* Main.storyboard */; };
		8417D755249827D200928B8B /* Assets.xcassets in Resources */ = {isa = PBXBuildFile; fileRef = 8417D754249827D200928B8B /* Assets.xcassets */; };
		8417D758249827D200928B8B /* LaunchScreen.storyboard in Resources */ = {isa = PBXBuildFile; fileRef = 8417D756249827D200928B8B /* LaunchScreen.storyboard */; };
		8417D76724982EC800928B8B /* Myutils.swift in Sources */ = {isa = PBXBuildFile; fileRef = 8417D76624982EC800928B8B /* Myutils.swift */; };
		8417D76924982EE300928B8B /* GameOverScene.swift in Sources */ = {isa = PBXBuildFile; fileRef = 8417D76824982EE300928B8B /* GameOverScene.swift */; };
		8417D76F2498330100928B8B /* Mario-coin-sound.mp3 in Resources */ = {isa = PBXBuildFile; fileRef = 8417D76B2498330100928B8B /* Mario-coin-sound.mp3 */; };
		8417D7702498330100928B8B /* jumpSound.wav in Resources */ = {isa = PBXBuildFile; fileRef = 8417D76C2498330100928B8B /* jumpSound.wav */; };
		8417D7712498330100928B8B /* loselifeSound.wav in Resources */ = {isa = PBXBuildFile; fileRef = 8417D76D2498330100928B8B /* loselifeSound.wav */; };
		8417D7722498330100928B8B /* BgSound.wav in Resources */ = {isa = PBXBuildFile; fileRef = 8417D76E2498330100928B8B /* BgSound.wav */; };
		8417D774249846A700928B8B /* GameScene2.swift in Sources */ = {isa = PBXBuildFile; fileRef = 8417D773249846A700928B8B /* GameScene2.swift */; };
		8417D7772498F39600928B8B /* win.wav in Resources */ = {isa = PBXBuildFile; fileRef = 8417D7752498F39600928B8B /* win.wav */; };
		8417D7782498F39600928B8B /* lose.wav in Resources */ = {isa = PBXBuildFile; fileRef = 8417D7762498F39600928B8B /* lose.wav */; };
		845122E8249F99A900FF1CBF /* SKColor+Extensions.swift in Sources */ = {isa = PBXBuildFile; fileRef = 845122DC249F99A900FF1CBF /* SKColor+Extensions.swift */; };
		845122E9249F99A900FF1CBF /* CGVector+Extensions.swift in Sources */ = {isa = PBXBuildFile; fileRef = 845122DD249F99A900FF1CBF /* CGVector+Extensions.swift */; };
		845122EA249F99A900FF1CBF /* Int+Extensions.swift in Sources */ = {isa = PBXBuildFile; fileRef = 845122DE249F99A900FF1CBF /* Int+Extensions.swift */; };
		845122EB249F99A900FF1CBF /* SKTTimingFunctions.swift in Sources */ = {isa = PBXBuildFile; fileRef = 845122DF249F99A900FF1CBF /* SKTTimingFunctions.swift */; };
		845122EC249F99A900FF1CBF /* SKAction+Extensions.swift in Sources */ = {isa = PBXBuildFile; fileRef = 845122E0249F99A900FF1CBF /* SKAction+Extensions.swift */; };
		845122ED249F99A900FF1CBF /* SKAction+SpecialEffects.swift in Sources */ = {isa = PBXBuildFile; fileRef = 845122E1249F99A900FF1CBF /* SKAction+SpecialEffects.swift */; };
		845122EE249F99A900FF1CBF /* SKNode+Extensions.swift in Sources */ = {isa = PBXBuildFile; fileRef = 845122E2249F99A900FF1CBF /* SKNode+Extensions.swift */; };
		845122EF249F99A900FF1CBF /* CGPoint+Extensions.swift in Sources */ = {isa = PBXBuildFile; fileRef = 845122E3249F99A900FF1CBF /* CGPoint+Extensions.swift */; };
		845122F0249F99A900FF1CBF /* SKTEffects.swift in Sources */ = {isa = PBXBuildFile; fileRef = 845122E4249F99A900FF1CBF /* SKTEffects.swift */; };
		845122F1249F99A900FF1CBF /* SKTAudio.swift in Sources */ = {isa = PBXBuildFile; fileRef = 845122E5249F99A900FF1CBF /* SKTAudio.swift */; };
		845122F2249F99A900FF1CBF /* Vector3.swift in Sources */ = {isa = PBXBuildFile; fileRef = 845122E6249F99A900FF1CBF /* Vector3.swift */; };
		845122F3249F99A900FF1CBF /* CGFloat+Extensions.swift in Sources */ = {isa = PBXBuildFile; fileRef = 845122E7249F99A900FF1CBF /* CGFloat+Extensions.swift */; };
/* End PBXBuildFile section */

/* Begin PBXFileReference section */
		8417D744249827D100928B8B /* MarioGame.app */ = {isa = PBXFileReference; explicitFileType = wrapper.application; includeInIndex = 0; path = MarioGame.app; sourceTree = BUILT_PRODUCTS_DIR; };
		8417D747249827D100928B8B /* AppDelegate.swift */ = {isa = PBXFileReference; lastKnownFileType = sourcecode.swift; path = AppDelegate.swift; sourceTree = "<group>"; };
		8417D74D249827D100928B8B /* GameScene.swift */ = {isa = PBXFileReference; lastKnownFileType = sourcecode.swift; path = GameScene.swift; sourceTree = "<group>"; };
		8417D74F249827D100928B8B /* GameViewController.swift */ = {isa = PBXFileReference; lastKnownFileType = sourcecode.swift; path = GameViewController.swift; sourceTree = "<group>"; };
		8417D752249827D100928B8B /* Base */ = {isa = PBXFileReference; lastKnownFileType = file.storyboard; name = Base; path = Base.lproj/Main.storyboard; sourceTree = "<group>"; };
		8417D754249827D200928B8B /* Assets.xcassets */ = {isa = PBXFileReference; lastKnownFileType = folder.assetcatalog; path = Assets.xcassets; sourceTree = "<group>"; };
		8417D757249827D200928B8B /* Base */ = {isa = PBXFileReference; lastKnownFileType = file.storyboard; name = Base; path = Base.lproj/LaunchScreen.storyboard; sourceTree = "<group>"; };
		8417D759249827D200928B8B /* Info.plist */ = {isa = PBXFileReference; lastKnownFileType = text.plist.xml; path = Info.plist; sourceTree = "<group>"; };
		8417D76624982EC800928B8B /* Myutils.swift */ = {isa = PBXFileReference; lastKnownFileType = sourcecode.swift; path = Myutils.swift; sourceTree = "<group>"; };
		8417D76824982EE300928B8B /* GameOverScene.swift */ = {isa = PBXFileReference; lastKnownFileType = sourcecode.swift; path = GameOverScene.swift; sourceTree = "<group>"; };
		8417D76B2498330100928B8B /* Mario-coin-sound.mp3 */ = {isa = PBXFileReference; lastKnownFileType = audio.mp3; path = "Mario-coin-sound.mp3"; sourceTree = "<group>"; };
		8417D76C2498330100928B8B /* jumpSound.wav */ = {isa = PBXFileReference; lastKnownFileType = audio.wav; path = jumpSound.wav; sourceTree = "<group>"; };
		8417D76D2498330100928B8B /* loselifeSound.wav */ = {isa = PBXFileReference; lastKnownFileType = audio.wav; path = loselifeSound.wav; sourceTree = "<group>"; };
		8417D76E2498330100928B8B /* BgSound.wav */ = {isa = PBXFileReference; lastKnownFileType = audio.wav; path = BgSound.wav; sourceTree = "<group>"; };
		8417D773249846A700928B8B /* GameScene2.swift */ = {isa = PBXFileReference; lastKnownFileType = sourcecode.swift; path = GameScene2.swift; sourceTree = "<group>"; };
		8417D7752498F39600928B8B /* win.wav */ = {isa = PBXFileReference; lastKnownFileType = audio.wav; path = win.wav; sourceTree = "<group>"; };
		8417D7762498F39600928B8B /* lose.wav */ = {isa = PBXFileReference; lastKnownFileType = audio.wav; path = lose.wav; sourceTree = "<group>"; };
		845122DC249F99A900FF1CBF /* SKColor+Extensions.swift */ = {isa = PBXFileReference; fileEncoding = 4; lastKnownFileType = sourcecode.swift; path = "SKColor+Extensions.swift"; sourceTree = "<group>"; };
		845122DD249F99A900FF1CBF /* CGVector+Extensions.swift */ = {isa = PBXFileReference; fileEncoding = 4; lastKnownFileType = sourcecode.swift; path = "CGVector+Extensions.swift"; sourceTree = "<group>"; };
		845122DE249F99A900FF1CBF /* Int+Extensions.swift */ = {isa = PBXFileReference; fileEncoding = 4; lastKnownFileType = sourcecode.swift; path = "Int+Extensions.swift"; sourceTree = "<group>"; };
		845122DF249F99A900FF1CBF /* SKTTimingFunctions.swift */ = {isa = PBXFileReference; fileEncoding = 4; lastKnownFileType = sourcecode.swift; path = SKTTimingFunctions.swift; sourceTree = "<group>"; };
		845122E0249F99A900FF1CBF /* SKAction+Extensions.swift */ = {isa = PBXFileReference; fileEncoding = 4; lastKnownFileType = sourcecode.swift; path = "SKAction+Extensions.swift"; sourceTree = "<group>"; };
		845122E1249F99A900FF1CBF /* SKAction+SpecialEffects.swift */ = {isa = PBXFileReference; fileEncoding = 4; lastKnownFileType = sourcecode.swift; path = "SKAction+SpecialEffects.swift"; sourceTree = "<group>"; };
		845122E2249F99A900FF1CBF /* SKNode+Extensions.swift */ = {isa = PBXFileReference; fileEncoding = 4; lastKnownFileType = sourcecode.swift; path = "SKNode+Extensions.swift"; sourceTree = "<group>"; };
		845122E3249F99A900FF1CBF /* CGPoint+Extensions.swift */ = {isa = PBXFileReference; fileEncoding = 4; lastKnownFileType = sourcecode.swift; path = "CGPoint+Extensions.swift"; sourceTree = "<group>"; };
		845122E4249F99A900FF1CBF /* SKTEffects.swift */ = {isa = PBXFileReference; fileEncoding = 4; lastKnownFileType = sourcecode.swift; path = SKTEffects.swift; sourceTree = "<group>"; };
		845122E5249F99A900FF1CBF /* SKTAudio.swift */ = {isa = PBXFileReference; fileEncoding = 4; lastKnownFileType = sourcecode.swift; path = SKTAudio.swift; sourceTree = "<group>"; };
		845122E6249F99A900FF1CBF /* Vector3.swift */ = {isa = PBXFileReference; fileEncoding = 4; lastKnownFileType = sourcecode.swift; path = Vector3.swift; sourceTree = "<group>"; };
		845122E7249F99A900FF1CBF /* CGFloat+Extensions.swift */ = {isa = PBXFileReference; fileEncoding = 4; lastKnownFileType = sourcecode.swift; path = "CGFloat+Extensions.swift"; sourceTree = "<group>"; };
/* End PBXFileReference section */

/* Begin PBXFrameworksBuildPhase section */
		8417D741249827D100928B8B /* Frameworks */ = {
			isa = PBXFrameworksBuildPhase;
			buildActionMask = 2147483647;
			files = (
			);
			runOnlyForDeploymentPostprocessing = 0;
		};
/* End PBXFrameworksBuildPhase section */

/* Begin PBXGroup section */
		8417D73B249827D100928B8B = {
			isa = PBXGroup;
			children = (
				8417D746249827D100928B8B /* MarioGame */,
				8417D745249827D100928B8B /* Products */,
			);
			sourceTree = "<group>";
		};
		8417D745249827D100928B8B /* Products */ = {
			isa = PBXGroup;
			children = (
				8417D744249827D100928B8B /* MarioGame.app */,
			);
			name = Products;
			sourceTree = "<group>";
		};
		8417D746249827D100928B8B /* MarioGame */ = {
			isa = PBXGroup;
			children = (
				8417D76A2498330100928B8B /* Sounds */,
				8417D747249827D100928B8B /* AppDelegate.swift */,
				8417D74D249827D100928B8B /* GameScene.swift */,
				8417D74F249827D100928B8B /* GameViewController.swift */,
				8417D751249827D100928B8B /* Main.storyboard */,
				8417D754249827D200928B8B /* Assets.xcassets */,
				8417D756249827D200928B8B /* LaunchScreen.storyboard */,
				8417D759249827D200928B8B /* Info.plist */,
				8417D76624982EC800928B8B /* Myutils.swift */,
				8417D76824982EE300928B8B /* GameOverScene.swift */,
				8417D773249846A700928B8B /* GameScene2.swift */,
				845122DB249F99A900FF1CBF /* SKTUtils */,
			);
			path = MarioGame;
			sourceTree = "<group>";
		};
		8417D76A2498330100928B8B /* Sounds */ = {
			isa = PBXGroup;
			children = (
				8417D7762498F39600928B8B /* lose.wav */,
				8417D7752498F39600928B8B /* win.wav */,
				8417D76B2498330100928B8B /* Mario-coin-sound.mp3 */,
				8417D76C2498330100928B8B /* jumpSound.wav */,
				8417D76D2498330100928B8B /* loselifeSound.wav */,
				8417D76E2498330100928B8B /* BgSound.wav */,
			);
			path = Sounds;
			sourceTree = "<group>";
		};
		845122DB249F99A900FF1CBF /* SKTUtils */ = {
			isa = PBXGroup;
			children = (
				845122DC249F99A900FF1CBF /* SKColor+Extensions.swift */,
				845122DD249F99A900FF1CBF /* CGVector+Extensions.swift */,
				845122DE249F99A900FF1CBF /* Int+Extensions.swift */,
				845122DF249F99A900FF1CBF /* SKTTimingFunctions.swift */,
				845122E0249F99A900FF1CBF /* SKAction+Extensions.swift */,
				845122E1249F99A900FF1CBF /* SKAction+SpecialEffects.swift */,
				845122E2249F99A900FF1CBF /* SKNode+Extensions.swift */,
				845122E3249F99A900FF1CBF /* CGPoint+Extensions.swift */,
				845122E4249F99A900FF1CBF /* SKTEffects.swift */,
				845122E5249F99A900FF1CBF /* SKTAudio.swift */,
				845122E6249F99A900FF1CBF /* Vector3.swift */,
				845122E7249F99A900FF1CBF /* CGFloat+Extensions.swift */,
			);
			path = SKTUtils;
			sourceTree = "<group>";
		};
/* End PBXGroup section */

/* Begin PBXNativeTarget section */
		8417D743249827D100928B8B /* MarioGame */ = {
			isa = PBXNativeTarget;
			buildConfigurationList = 8417D75C249827D200928B8B /* Build configuration list for PBXNativeTarget "MarioGame" */;
			buildPhases = (
				8417D740249827D100928B8B /* Sources */,
				8417D741249827D100928B8B /* Frameworks */,
				8417D742249827D100928B8B /* Resources */,
			);
			buildRules = (
			);
			dependencies = (
			);
			name = MarioGame;
			productName = MarioGame;
			productReference = 8417D744249827D100928B8B /* MarioGame.app */;
			productType = "com.apple.product-type.application";
		};
/* End PBXNativeTarget section */

/* Begin PBXProject section */
		8417D73C249827D100928B8B /* Project object */ = {
			isa = PBXProject;
			attributes = {
				LastSwiftUpdateCheck = 1150;
				LastUpgradeCheck = 1150;
				ORGANIZATIONNAME = Tarlochan5268;
				TargetAttributes = {
					8417D743249827D100928B8B = {
						CreatedOnToolsVersion = 11.5;
					};
				};
			};
			buildConfigurationList = 8417D73F249827D100928B8B /* Build configuration list for PBXProject "MarioGame" */;
			compatibilityVersion = "Xcode 9.3";
			developmentRegion = en;
			hasScannedForEncodings = 0;
			knownRegions = (
				en,
				Base,
			);
			mainGroup = 8417D73B249827D100928B8B;
			productRefGroup = 8417D745249827D100928B8B /* Products */;
			projectDirPath = "";
			projectRoot = "";
			targets = (
				8417D743249827D100928B8B /* MarioGame */,
			);
		};
/* End PBXProject section */

/* Begin PBXResourcesBuildPhase section */
		8417D742249827D100928B8B /* Resources */ = {
			isa = PBXResourcesBuildPhase;
			buildActionMask = 2147483647;
			files = (
				8417D753249827D100928B8B /* Main.storyboard in Resources */,
				8417D7772498F39600928B8B /* win.wav in Resources */,
				8417D755249827D200928B8B /* Assets.xcassets in Resources */,
				8417D76F2498330100928B8B /* Mario-coin-sound.mp3 in Resources */,
				8417D7712498330100928B8B /* loselifeSound.wav in Resources */,
				8417D7722498330100928B8B /* BgSound.wav in Resources */,
				8417D7782498F39600928B8B /* lose.wav in Resources */,
				8417D7702498330100928B8B /* jumpSound.wav in Resources */,
				8417D758249827D200928B8B /* LaunchScreen.storyboard in Resources */,
			);
			runOnlyForDeploymentPostprocessing = 0;
		};
/* End PBXResourcesBuildPhase section */

/* Begin PBXSourcesBuildPhase section */
		8417D740249827D100928B8B /* Sources */ = {
			isa = PBXSourcesBuildPhase;
			buildActionMask = 2147483647;
			files = (
				845122EF249F99A900FF1CBF /* CGPoint+Extensions.swift in Sources */,
				845122F0249F99A900FF1CBF /* SKTEffects.swift in Sources */,
				8417D76924982EE300928B8B /* GameOverScene.swift in Sources */,
				8417D74E249827D100928B8B /* GameScene.swift in Sources */,
				845122E8249F99A900FF1CBF /* SKColor+Extensions.swift in Sources */,
				845122EE249F99A900FF1CBF /* SKNode+Extensions.swift in Sources */,
				845122EA249F99A900FF1CBF /* Int+Extensions.swift in Sources */,
				8417D750249827D100928B8B /* GameViewController.swift in Sources */,
				845122E9249F99A900FF1CBF /* CGVector+Extensions.swift in Sources */,
				845122F2249F99A900FF1CBF /* Vector3.swift in Sources */,
				845122F3249F99A900FF1CBF /* CGFloat+Extensions.swift in Sources */,
				845122EB249F99A900FF1CBF /* SKTTimingFunctions.swift in Sources */,
				845122EC249F99A900FF1CBF /* SKAction+Extensions.swift in Sources */,
				845122ED249F99A900FF1CBF /* SKAction+SpecialEffects.swift in Sources */,
				8417D774249846A700928B8B /* GameScene2.swift in Sources */,
				845122F1249F99A900FF1CBF /* SKTAudio.swift in Sources */,
				8417D748249827D100928B8B /* AppDelegate.swift in Sources */,
				8417D76724982EC800928B8B /* Myutils.swift in Sources */,
			);
			runOnlyForDeploymentPostprocessing = 0;
		};
/* End PBXSourcesBuildPhase section */

/* Begin PBXVariantGroup section */
		8417D751249827D100928B8B /* Main.storyboard */ = {
			isa = PBXVariantGroup;
			children = (
				8417D752249827D100928B8B /* Base */,
			);
			name = Main.storyboard;
			sourceTree = "<group>";
		};
		8417D756249827D200928B8B /* LaunchScreen.storyboard */ = {
			isa = PBXVariantGroup;
			children = (
				8417D757249827D200928B8B /* Base */,
			);
			name = LaunchScreen.storyboard;
			sourceTree = "<group>";
		};
/* End PBXVariantGroup section */

/* Begin XCBuildConfiguration section */
		8417D75A249827D200928B8B /* Debug */ = {
			isa = XCBuildConfiguration;
			buildSettings = {
				ALWAYS_SEARCH_USER_PATHS = NO;
				CLANG_ANALYZER_NONNULL = YES;
				CLANG_ANALYZER_NUMBER_OBJECT_CONVERSION = YES_AGGRESSIVE;
				CLANG_CXX_LANGUAGE_STANDARD = "gnu++14";
				CLANG_CXX_LIBRARY = "libc++";
				CLANG_ENABLE_MODULES = YES;
				CLANG_ENABLE_OBJC_ARC = YES;
				CLANG_ENABLE_OBJC_WEAK = YES;
				CLANG_WARN_BLOCK_CAPTURE_AUTORELEASING = YES;
				CLANG_WARN_BOOL_CONVERSION = YES;
				CLANG_WARN_COMMA = YES;
				CLANG_WARN_CONSTANT_CONVERSION = YES;
				CLANG_WARN_DEPRECATED_OBJC_IMPLEMENTATIONS = YES;
				CLANG_WARN_DIRECT_OBJC_ISA_USAGE = YES_ERROR;
				CLANG_WARN_DOCUMENTATION_COMMENTS = YES;
				CLANG_WARN_EMPTY_BODY = YES;
				CLANG_WARN_ENUM_CONVERSION = YES;
				CLANG_WARN_INFINITE_RECURSION = YES;
				CLANG_WARN_INT_CONVERSION = YES;
				CLANG_WARN_NON_LITERAL_NULL_CONVERSION = YES;
				CLANG_WARN_OBJC_IMPLICIT_RETAIN_SELF = YES;
				CLANG_WARN_OBJC_LITERAL_CONVERSION = YES;
				CLANG_WARN_OBJC_ROOT_CLASS = YES_ERROR;
				CLANG_WARN_RANGE_LOOP_ANALYSIS = YES;
				CLANG_WARN_STRICT_PROTOTYPES = YES;
				CLANG_WARN_SUSPICIOUS_MOVE = YES;
				CLANG_WARN_UNGUARDED_AVAILABILITY = YES_AGGRESSIVE;
				CLANG_WARN_UNREACHABLE_CODE = YES;
				CLANG_WARN__DUPLICATE_METHOD_MATCH = YES;
				COPY_PHASE_STRIP = NO;
				DEBUG_INFORMATION_FORMAT = dwarf;
				ENABLE_STRICT_OBJC_MSGSEND = YES;
				ENABLE_TESTABILITY = YES;
				GCC_C_LANGUAGE_STANDARD = gnu11;
				GCC_DYNAMIC_NO_PIC = NO;
				GCC_NO_COMMON_BLOCKS = YES;
				GCC_OPTIMIZATION_LEVEL = 0;
				GCC_PREPROCESSOR_DEFINITIONS = (
					"DEBUG=1",
					"$(inherited)",
				);
				GCC_WARN_64_TO_32_BIT_CONVERSION = YES;
				GCC_WARN_ABOUT_RETURN_TYPE = YES_ERROR;
				GCC_WARN_UNDECLARED_SELECTOR = YES;
				GCC_WARN_UNINITIALIZED_AUTOS = YES_AGGRESSIVE;
				GCC_WARN_UNUSED_FUNCTION = YES;
				GCC_WARN_UNUSED_VARIABLE = YES;
				IPHONEOS_DEPLOYMENT_TARGET = 13.5;
				MTL_ENABLE_DEBUG_INFO = INCLUDE_SOURCE;
				MTL_FAST_MATH = YES;
				ONLY_ACTIVE_ARCH = YES;
				SDKROOT = iphoneos;
				SWIFT_ACTIVE_COMPILATION_CONDITIONS = DEBUG;
				SWIFT_OPTIMIZATION_LEVEL = "-Onone";
			};
			name = Debug;
		};
		8417D75B249827D200928B8B /* Release */ = {
			isa = XCBuildConfiguration;
			buildSettings = {
				ALWAYS_SEARCH_USER_PATHS = NO;
				CLANG_ANALYZER_NONNULL = YES;
				CLANG_ANALYZER_NUMBER_OBJECT_CONVERSION = YES_AGGRESSIVE;
				CLANG_CXX_LANGUAGE_STANDARD = "gnu++14";
				CLANG_CXX_LIBRARY = "libc++";
				CLANG_ENABLE_MODULES = YES;
				CLANG_ENABLE_OBJC_ARC = YES;
				CLANG_ENABLE_OBJC_WEAK = YES;
				CLANG_WARN_BLOCK_CAPTURE_AUTORELEASING = YES;
				CLANG_WARN_BOOL_CONVERSION = YES;
				CLANG_WARN_COMMA = YES;
				CLANG_WARN_CONSTANT_CONVERSION = YES;
				CLANG_WARN_DEPRECATED_OBJC_IMPLEMENTATIONS = YES;
				CLANG_WARN_DIRECT_OBJC_ISA_USAGE = YES_ERROR;
				CLANG_WARN_DOCUMENTATION_COMMENTS = YES;
				CLANG_WARN_EMPTY_BODY = YES;
				CLANG_WARN_ENUM_CONVERSION = YES;
				CLANG_WARN_INFINITE_RECURSION = YES;
				CLANG_WARN_INT_CONVERSION = YES;
				CLANG_WARN_NON_LITERAL_NULL_CONVERSION = YES;
				CLANG_WARN_OBJC_IMPLICIT_RETAIN_SELF = YES;
				CLANG_WARN_OBJC_LITERAL_CONVERSION = YES;
				CLANG_WARN_OBJC_ROOT_CLASS = YES_ERROR;
				CLANG_WARN_RANGE_LOOP_ANALYSIS = YES;
				CLANG_WARN_STRICT_PROTOTYPES = YES;
				CLANG_WARN_SUSPICIOUS_MOVE = YES;
				CLANG_WARN_UNGUARDED_AVAILABILITY = YES_AGGRESSIVE;
				CLANG_WARN_UNREACHABLE_CODE = YES;
				CLANG_WARN__DUPLICATE_METHOD_MATCH = YES;
				COPY_PHASE_STRIP = NO;
				DEBUG_INFORMATION_FORMAT = "dwarf-with-dsym";
				ENABLE_NS_ASSERTIONS = NO;
				ENABLE_STRICT_OBJC_MSGSEND = YES;
				GCC_C_LANGUAGE_STANDARD = gnu11;
				GCC_NO_COMMON_BLOCKS = YES;
				GCC_WARN_64_TO_32_BIT_CONVERSION = YES;
				GCC_WARN_ABOUT_RETURN_TYPE = YES_ERROR;
				GCC_WARN_UNDECLARED_SELECTOR = YES;
				GCC_WARN_UNINITIALIZED_AUTOS = YES_AGGRESSIVE;
				GCC_WARN_UNUSED_FUNCTION = YES;
				GCC_WARN_UNUSED_VARIABLE = YES;
				IPHONEOS_DEPLOYMENT_TARGET = 13.5;
				MTL_ENABLE_DEBUG_INFO = NO;
				MTL_FAST_MATH = YES;
				SDKROOT = iphoneos;
				SWIFT_COMPILATION_MODE = wholemodule;
				SWIFT_OPTIMIZATION_LEVEL = "-O";
				VALIDATE_PRODUCT = YES;
			};
			name = Release;
		};
		8417D75D249827D200928B8B /* Debug */ = {
			isa = XCBuildConfiguration;
			buildSettings = {
				ASSETCATALOG_COMPILER_APPICON_NAME = AppIcon;
				CODE_SIGN_STYLE = Automatic;
				DEVELOPMENT_TEAM = 5V3FTSFJA5;
				INFOPLIST_FILE = MarioGame/Info.plist;
				LD_RUNPATH_SEARCH_PATHS = (
					"$(inherited)",
					"@executable_path/Frameworks",
				);
				PRODUCT_BUNDLE_IDENTIFIER = com.tarlochan.MarioGame;
				PRODUCT_NAME = "$(TARGET_NAME)";
				SWIFT_VERSION = 5.0;
				TARGETED_DEVICE_FAMILY = "1,2";
			};
			name = Debug;
		};
		8417D75E249827D200928B8B /* Release */ = {
			isa = XCBuildConfiguration;
			buildSettings = {
				ASSETCATALOG_COMPILER_APPICON_NAME = AppIcon;
				CODE_SIGN_STYLE = Automatic;
				DEVELOPMENT_TEAM = 5V3FTSFJA5;
				INFOPLIST_FILE = MarioGame/Info.plist;
				LD_RUNPATH_SEARCH_PATHS = (
					"$(inherited)",
					"@executable_path/Frameworks",
				);
				PRODUCT_BUNDLE_IDENTIFIER = com.tarlochan.MarioGame;
				PRODUCT_NAME = "$(TARGET_NAME)";
				SWIFT_VERSION = 5.0;
				TARGETED_DEVICE_FAMILY = "1,2";
			};
			name = Release;
		};
/* End XCBuildConfiguration section */

/* Begin XCConfigurationList section */
		8417D73F249827D100928B8B /* Build configuration list for PBXProject "MarioGame" */ = {
			isa = XCConfigurationList;
			buildConfigurations = (
				8417D75A249827D200928B8B /* Debug */,
				8417D75B249827D200928B8B /* Release */,
			);
			defaultConfigurationIsVisible = 0;
			defaultConfigurationName = Release;
		};
		8417D75C249827D200928B8B /* Build configuration list for PBXNativeTarget "MarioGame" */ = {
			isa = XCConfigurationList;
			buildConfigurations = (
				8417D75D249827D200928B8B /* Debug */,
				8417D75E249827D200928B8B /* Release */,
			);
			defaultConfigurationIsVisible = 0;
			defaultConfigurationName = Release;
		};
/* End XCConfigurationList section */
	};
	rootObject = 8417D73C249827D100928B8B /* Project object */;
}
